PODS:
  - Alamofire (4.6.0)
  - RxCocoa (4.0.0):
    - RxSwift (~> 4.0)
  - RxSwift (4.0.0)

DEPENDENCIES:
  - Alamofire (~> 4.5)
  - RxCocoa (~> 4.0)
  - RxSwift (~> 4.0)

SPEC CHECKSUMS:
  Alamofire: f41a599bd63041760b26d393ec1069d9d7b917f4
  RxCocoa: d62846ca96495d862fa4c59ea7d87e5031d7340e
  RxSwift: fd680d75283beb5e2559486f3c0ff852f0d35334

PODFILE CHECKSUM: 9c148f76d0d8586266ea09189cd7415ee9d1bc68

COCOAPODS: 1.3.1
